
Microsoft Visual Studio Solution File, Format Version 12.00
# Visual Studio 2015
Project("{FAE04EC0-301F-11D3-BF4B-00C04F79EFBC}") = "AnimeVRTest.Plugins", "AnimeVRTest.Plugins.csproj", "{DAA4942A-099D-2856-D96A-51BFADB92E81}"
EndProject
Project("{FAE04EC0-301F-11D3-BF4B-00C04F79EFBC}") = "AnimeVRTest", "AnimeVRTest.csproj", "{C45AAC98-A9C8-CD1F-C15B-AF4573C8EAC7}"
EndProject
Project("{FAE04EC0-301F-11D3-BF4B-00C04F79EFBC}") = "AnimeVRTest.Editor.Plugins", "AnimeVRTest.Editor.Plugins.csproj", "{6943408F-1EF3-0D29-30F5-1F83F2EF8958}"
EndProject
Project("{FAE04EC0-301F-11D3-BF4B-00C04F79EFBC}") = "AnimeVRTest.Editor", "AnimeVRTest.Editor.csproj", "{10A5CB1A-4204-B84C-15FB-999A7DC171C1}"
EndProject
Global
	GlobalSection(SolutionConfigurationPlatforms) = preSolution
		Debug|Any CPU = Debug|Any CPU
		Release|Any CPU = Release|Any CPU
	EndGlobalSection
	GlobalSection(ProjectConfigurationPlatforms) = postSolution
		{DAA4942A-099D-2856-D96A-51BFADB92E81}.Debug|Any CPU.ActiveCfg = Debug|Any CPU
		{DAA4942A-099D-2856-D96A-51BFADB92E81}.Debug|Any CPU.Build.0 = Debug|Any CPU
		{DAA4942A-099D-2856-D96A-51BFADB92E81}.Release|Any CPU.ActiveCfg = Release|Any CPU
		{DAA4942A-099D-2856-D96A-51BFADB92E81}.Release|Any CPU.Build.0 = Release|Any CPU
		{C45AAC98-A9C8-CD1F-C15B-AF4573C8EAC7}.Debug|Any CPU.ActiveCfg = Debug|Any CPU
		{C45AAC98-A9C8-CD1F-C15B-AF4573C8EAC7}.Debug|Any CPU.Build.0 = Debug|Any CPU
		{C45AAC98-A9C8-CD1F-C15B-AF4573C8EAC7}.Release|Any CPU.ActiveCfg = Release|Any CPU
		{C45AAC98-A9C8-CD1F-C15B-AF4573C8EAC7}.Release|Any CPU.Build.0 = Release|Any CPU
		{6943408F-1EF3-0D29-30F5-1F83F2EF8958}.Debug|Any CPU.ActiveCfg = Debug|Any CPU
		{6943408F-1EF3-0D29-30F5-1F83F2EF8958}.Debug|Any CPU.Build.0 = Debug|Any CPU
		{6943408F-1EF3-0D29-30F5-1F83F2EF8958}.Release|Any CPU.ActiveCfg = Release|Any CPU
		{6943408F-1EF3-0D29-30F5-1F83F2EF8958}.Release|Any CPU.Build.0 = Release|Any CPU
		{10A5CB1A-4204-B84C-15FB-999A7DC171C1}.Debug|Any CPU.ActiveCfg = Debug|Any CPU
		{10A5CB1A-4204-B84C-15FB-999A7DC171C1}.Debug|Any CPU.Build.0 = Debug|Any CPU
		{10A5CB1A-4204-B84C-15FB-999A7DC171C1}.Release|Any CPU.ActiveCfg = Release|Any CPU
		{10A5CB1A-4204-B84C-15FB-999A7DC171C1}.Release|Any CPU.Build.0 = Release|Any CPU
	EndGlobalSection
	GlobalSection(SolutionProperties) = preSolution
		HideSolutionNode = FALSE
	EndGlobalSection
EndGlobal
